
Microsoft Visual Studio Solution File, Format Version 12.00
# Visual Studio Version 17
VisualStudioVersion = 17.14.36414.22 d17.14
MinimumVisualStudioVersion = 10.0.40219.1
Project("{FAE04EC0-301F-11D3-BF4B-00C04F79EFBC}") = "Optima.Net", "Optima.Net\Optima.Net.csproj", "{5F164195-5934-4377-9956-B21D3D296309}"
EndProject
Project("{2150E333-8FDC-42A3-9474-1A3956D46DE8}") = "src", "src", "{02EA681E-C7D8-13C7-8484-4AC65E1B71E8}"
EndProject
Project("{2150E333-8FDC-42A3-9474-1A3956D46DE8}") = "Test", "Test", "{D1D874A5-E3F7-4F75-953D-801CFD81CEA7}"
EndProject
Project("{FAE04EC0-301F-11D3-BF4B-00C04F79EFBC}") = "Optima.Net.Tests", "Optima.Net.Tests\Optima.Net.Tests.csproj", "{C9F3740D-1CC7-49AA-AAE1-00587D3A99A9}"
EndProject
Global
	GlobalSection(SolutionConfigurationPlatforms) = preSolution
		Debug|Any CPU = Debug|Any CPU
		Release|Any CPU = Release|Any CPU
	EndGlobalSection
	GlobalSection(ProjectConfigurationPlatforms) = postSolution
		{5F164195-5934-4377-9956-B21D3D296309}.Debug|Any CPU.ActiveCfg = Debug|Any CPU
		{5F164195-5934-4377-9956-B21D3D296309}.Debug|Any CPU.Build.0 = Debug|Any CPU
		{5F164195-5934-4377-9956-B21D3D296309}.Release|Any CPU.ActiveCfg = Release|Any CPU
		{5F164195-5934-4377-9956-B21D3D296309}.Release|Any CPU.Build.0 = Release|Any CPU
		{C9F3740D-1CC7-49AA-AAE1-00587D3A99A9}.Debug|Any CPU.ActiveCfg = Debug|Any CPU
		{C9F3740D-1CC7-49AA-AAE1-00587D3A99A9}.Debug|Any CPU.Build.0 = Debug|Any CPU
		{C9F3740D-1CC7-49AA-AAE1-00587D3A99A9}.Release|Any CPU.ActiveCfg = Release|Any CPU
		{C9F3740D-1CC7-49AA-AAE1-00587D3A99A9}.Release|Any CPU.Build.0 = Release|Any CPU
	EndGlobalSection
	GlobalSection(SolutionProperties) = preSolution
		HideSolutionNode = FALSE
	EndGlobalSection
	GlobalSection(NestedProjects) = preSolution
		{5F164195-5934-4377-9956-B21D3D296309} = {02EA681E-C7D8-13C7-8484-4AC65E1B71E8}
		{C9F3740D-1CC7-49AA-AAE1-00587D3A99A9} = {D1D874A5-E3F7-4F75-953D-801CFD81CEA7}
	EndGlobalSection
	GlobalSection(ExtensibilityGlobals) = postSolution
		SolutionGuid = {E29B9A71-7B96-4DD9-93AD-9285EF4C75A5}
	EndGlobalSection
EndGlobal
